
Microsoft Visual Studio Solution File, Format Version 12.00
# Visual Studio Version 17
VisualStudioVersion = 17.0.31903.59
MinimumVisualStudioVersion = 10.0.40219.1
Project("{9A19103F-16F7-4668-BE54-9A1E7A4F7556}") = "Gert.Model", "src\Gert.Model\Gert.Model.csproj", "{A0000001-0000-0000-0000-000000000001}"
EndProject
Project("{9A19103F-16F7-4668-BE54-9A1E7A4F7556}") = "Gert.Service", "src\Gert.Service\Gert.Service.csproj", "{A0000002-0000-0000-0000-000000000002}"
EndProject
Project("{9A19103F-16F7-4668-BE54-9A1E7A4F7556}") = "Gert.Database.Sqlite", "src\Gert.Database.Sqlite\Gert.Database.Sqlite.csproj", "{A0000003-0000-0000-0000-000000000003}"
EndProject
Project("{9A19103F-16F7-4668-BE54-9A1E7A4F7556}") = "Gert.Authentication", "src\Gert.Authentication\Gert.Authentication.csproj", "{A0000005-0000-0000-0000-000000000005}"
EndProject
Project("{9A19103F-16F7-4668-BE54-9A1E7A4F7556}") = "Gert.Api", "src\Gert.Api\Gert.Api.csproj", "{A0000006-0000-0000-0000-000000000006}"
EndProject
Project("{2150E333-8FDC-42A3-9474-1A3956D46DE8}") = "tests", "tests", "{B0000000-0000-0000-0000-0000000000FF}"
EndProject
Project("{9A19103F-16F7-4668-BE54-9A1E7A4F7556}") = "Gert.Testing", "tests\Gert.Testing\Gert.Testing.csproj", "{B0000001-0000-0000-0000-000000000001}"
EndProject
Project("{9A19103F-16F7-4668-BE54-9A1E7A4F7556}") = "Gert.Service.Tests", "tests\Gert.Service.Tests\Gert.Service.Tests.csproj", "{B0000002-0000-0000-0000-000000000002}"
EndProject
Project("{9A19103F-16F7-4668-BE54-9A1E7A4F7556}") = "Gert.Database.Sqlite.Tests", "tests\Gert.Database.Sqlite.Tests\Gert.Database.Sqlite.Tests.csproj", "{B0000003-0000-0000-0000-000000000003}"
EndProject
Project("{9A19103F-16F7-4668-BE54-9A1E7A4F7556}") = "Gert.Authentication.Tests", "tests\Gert.Authentication.Tests\Gert.Authentication.Tests.csproj", "{B0000004-0000-0000-0000-000000000004}"
EndProject
Project("{9A19103F-16F7-4668-BE54-9A1E7A4F7556}") = "Gert.Api.Tests", "tests\Gert.Api.Tests\Gert.Api.Tests.csproj", "{B0000005-0000-0000-0000-000000000005}"
EndProject
Project("{2150E333-8FDC-42A3-9474-1A3956D46DE8}") = "tools", "tools", "{C0000000-0000-0000-0000-0000000000FF}"
EndProject
Project("{9A19103F-16F7-4668-BE54-9A1E7A4F7556}") = "Gert.Web.Bundle", "tools\Gert.Web.Bundle\Gert.Web.Bundle.csproj", "{A0000008-0000-0000-0000-000000000008}"
EndProject
Project("{9A19103F-16F7-4668-BE54-9A1E7A4F7556}") = "Gert.Web.Bundle.Tests", "tests\Gert.Web.Bundle.Tests\Gert.Web.Bundle.Tests.csproj", "{B0000008-0000-0000-0000-000000000008}"
EndProject
Project("{FAE04EC0-301F-11D3-BF4B-00C04F79EFBC}") = "Gert.Database", "src\Gert.Database\Gert.Database.csproj", "{0879C00B-2424-4B3A-826F-168727E9FD69}"
EndProject
Project("{FAE04EC0-301F-11D3-BF4B-00C04F79EFBC}") = "Gert.Storage", "src\Gert.Storage\Gert.Storage.csproj", "{BC3B8D4C-1E80-4751-8B09-A774519D613C}"
EndProject
Project("{2150E333-8FDC-42A3-9474-1A3956D46DE8}") = "src", "src", "{827E0CD3-B72D-47B6-A68D-7590B98EB39B}"
EndProject
Project("{FAE04EC0-301F-11D3-BF4B-00C04F79EFBC}") = "Gert.Chat.OpenAI", "src\Gert.Chat.OpenAI\Gert.Chat.OpenAI.csproj", "{2683EE34-E6CF-405A-967F-02850B4E66B3}"
EndProject
Project("{FAE04EC0-301F-11D3-BF4B-00C04F79EFBC}") = "Gert.Tools.Builtin", "src\Gert.Tools.Builtin\Gert.Tools.Builtin.csproj", "{72696606-F8B7-4D39-AC00-8206D2484194}"
EndProject
Project("{FAE04EC0-301F-11D3-BF4B-00C04F79EFBC}") = "Gert.Ingestion", "src\Gert.Ingestion\Gert.Ingestion.csproj", "{B4CA6F2F-7A47-4340-9370-3B586F0CAEE6}"
EndProject
Project("{FAE04EC0-301F-11D3-BF4B-00C04F79EFBC}") = "Gert.Chat.Tests", "tests\Gert.Chat.Tests\Gert.Chat.Tests.csproj", "{6A076EE4-FC0B-4295-9218-9A911028121F}"
EndProject
Project("{FAE04EC0-301F-11D3-BF4B-00C04F79EFBC}") = "Gert.Tools.Builtin.Tests", "tests\Gert.Tools.Builtin.Tests\Gert.Tools.Builtin.Tests.csproj", "{FC1F6199-FC14-4C61-A98A-76DEA26C8707}"
EndProject
Project("{FAE04EC0-301F-11D3-BF4B-00C04F79EFBC}") = "Gert.Ingestion.Tests", "tests\Gert.Ingestion.Tests\Gert.Ingestion.Tests.csproj", "{9C382C4F-188D-4B12-A20C-592793E98E2D}"
EndProject
Project("{FAE04EC0-301F-11D3-BF4B-00C04F79EFBC}") = "Gert.Chat", "src\Gert.Chat\Gert.Chat.csproj", "{B2291083-052D-4E40-977E-CB0AC11AA1C7}"
EndProject
Project("{FAE04EC0-301F-11D3-BF4B-00C04F79EFBC}") = "Gert.Storage.Local", "src\Gert.Storage.Local\Gert.Storage.Local.csproj", "{5A120D90-1749-4EF7-B71A-AA820B560A8A}"
EndProject
Project("{FAE04EC0-301F-11D3-BF4B-00C04F79EFBC}") = "Gert.Rag", "src\Gert.Rag\Gert.Rag.csproj", "{640CFCED-FC7E-4D44-BD7B-DB989985B8C6}"
EndProject
Project("{FAE04EC0-301F-11D3-BF4B-00C04F79EFBC}") = "Gert.Rag.Sqlite", "src\Gert.Rag.Sqlite\Gert.Rag.Sqlite.csproj", "{32D3969A-728C-4CC1-92B9-9D2B1C160A83}"
EndProject
Project("{FAE04EC0-301F-11D3-BF4B-00C04F79EFBC}") = "Gert.Tools", "src\Gert.Tools\Gert.Tools.csproj", "{E18DF691-456B-4DA9-934E-D4301FBC37B5}"
EndProject
Project("{FAE04EC0-301F-11D3-BF4B-00C04F79EFBC}") = "Gert.Validation", "src\Gert.Validation\Gert.Validation.csproj", "{F0D9159E-3E92-45E0-9641-C9B05CC64CC5}"
EndProject
Project("{FAE04EC0-301F-11D3-BF4B-00C04F79EFBC}") = "Gert.Validation.Tests", "tests\Gert.Validation.Tests\Gert.Validation.Tests.csproj", "{3EB8417F-639C-446C-9D6C-EDADF1C07319}"
EndProject
Global
	GlobalSection(SolutionConfigurationPlatforms) = preSolution
		Debug|Any CPU = Debug|Any CPU
		Debug|x64 = Debug|x64
		Debug|x86 = Debug|x86
		Release|Any CPU = Release|Any CPU
		Release|x64 = Release|x64
		Release|x86 = Release|x86
	EndGlobalSection
	GlobalSection(ProjectConfigurationPlatforms) = postSolution
		{A0000001-0000-0000-0000-000000000001}.Debug|Any CPU.ActiveCfg = Debug|Any CPU
		{A0000001-0000-0000-0000-000000000001}.Debug|Any CPU.Build.0 = Debug|Any CPU
		{A0000001-0000-0000-0000-000000000001}.Debug|x64.ActiveCfg = Debug|Any CPU
		{A0000001-0000-0000-0000-000000000001}.Debug|x64.Build.0 = Debug|Any CPU
		{A0000001-0000-0000-0000-000000000001}.Debug|x86.ActiveCfg = Debug|Any CPU
		{A0000001-0000-0000-0000-000000000001}.Debug|x86.Build.0 = Debug|Any CPU
		{A0000001-0000-0000-0000-000000000001}.Release|Any CPU.ActiveCfg = Release|Any CPU
		{A0000001-0000-0000-0000-000000000001}.Release|Any CPU.Build.0 = Release|Any CPU
		{A0000001-0000-0000-0000-000000000001}.Release|x64.ActiveCfg = Release|Any CPU
		{A0000001-0000-0000-0000-000000000001}.Release|x64.Build.0 = Release|Any CPU
		{A0000001-0000-0000-0000-000000000001}.Release|x86.ActiveCfg = Release|Any CPU
		{A0000001-0000-0000-0000-000000000001}.Release|x86.Build.0 = Release|Any CPU
		{A0000002-0000-0000-0000-000000000002}.Debug|Any CPU.ActiveCfg = Debug|Any CPU
		{A0000002-0000-0000-0000-000000000002}.Debug|Any CPU.Build.0 = Debug|Any CPU
		{A0000002-0000-0000-0000-000000000002}.Debug|x64.ActiveCfg = Debug|Any CPU
		{A0000002-0000-0000-0000-000000000002}.Debug|x64.Build.0 = Debug|Any CPU
		{A0000002-0000-0000-0000-000000000002}.Debug|x86.ActiveCfg = Debug|Any CPU
		{A0000002-0000-0000-0000-000000000002}.Debug|x86.Build.0 = Debug|Any CPU
		{A0000002-0000-0000-0000-000000000002}.Release|Any CPU.ActiveCfg = Release|Any CPU
		{A0000002-0000-0000-0000-000000000002}.Release|Any CPU.Build.0 = Release|Any CPU
		{A0000002-0000-0000-0000-000000000002}.Release|x64.ActiveCfg = Release|Any CPU
		{A0000002-0000-0000-0000-000000000002}.Release|x64.Build.0 = Release|Any CPU
		{A0000002-0000-0000-0000-000000000002}.Release|x86.ActiveCfg = Release|Any CPU
		{A0000002-0000-0000-0000-000000000002}.Release|x86.Build.0 = Release|Any CPU
		{A0000003-0000-0000-0000-000000000003}.Debug|Any CPU.ActiveCfg = Debug|Any CPU
		{A0000003-0000-0000-0000-000000000003}.Debug|Any CPU.Build.0 = Debug|Any CPU
		{A0000003-0000-0000-0000-000000000003}.Debug|x64.ActiveCfg = Debug|Any CPU
		{A0000003-0000-0000-0000-000000000003}.Debug|x64.Build.0 = Debug|Any CPU
		{A0000003-0000-0000-0000-000000000003}.Debug|x86.ActiveCfg = Debug|Any CPU
		{A0000003-0000-0000-0000-000000000003}.Debug|x86.Build.0 = Debug|Any CPU
		{A0000003-0000-0000-0000-000000000003}.Release|Any CPU.ActiveCfg = Release|Any CPU
		{A0000003-0000-0000-0000-000000000003}.Release|Any CPU.Build.0 = Release|Any CPU
		{A0000003-0000-0000-0000-000000000003}.Release|x64.ActiveCfg = Release|Any CPU
		{A0000003-0000-0000-0000-000000000003}.Release|x64.Build.0 = Release|Any CPU
		{A0000003-0000-0000-0000-000000000003}.Release|x86.ActiveCfg = Release|Any CPU
		{A0000003-0000-0000-0000-000000000003}.Release|x86.Build.0 = Release|Any CPU
		{A0000005-0000-0000-0000-000000000005}.Debug|Any CPU.ActiveCfg = Debug|Any CPU
		{A0000005-0000-0000-0000-000000000005}.Debug|Any CPU.Build.0 = Debug|Any CPU
		{A0000005-0000-0000-0000-000000000005}.Debug|x64.ActiveCfg = Debug|Any CPU
		{A0000005-0000-0000-0000-000000000005}.Debug|x64.Build.0 = Debug|Any CPU
		{A0000005-0000-0000-0000-000000000005}.Debug|x86.ActiveCfg = Debug|Any CPU
		{A0000005-0000-0000-0000-000000000005}.Debug|x86.Build.0 = Debug|Any CPU
		{A0000005-0000-0000-0000-000000000005}.Release|Any CPU.ActiveCfg = Release|Any CPU
		{A0000005-0000-0000-0000-000000000005}.Release|Any CPU.Build.0 = Release|Any CPU
		{A0000005-0000-0000-0000-000000000005}.Release|x64.ActiveCfg = Release|Any CPU
		{A0000005-0000-0000-0000-000000000005}.Release|x64.Build.0 = Release|Any CPU
		{A0000005-0000-0000-0000-000000000005}.Release|x86.ActiveCfg = Release|Any CPU
		{A0000005-0000-0000-0000-000000000005}.Release|x86.Build.0 = Release|Any CPU
		{A0000006-0000-0000-0000-000000000006}.Debug|Any CPU.ActiveCfg = Debug|Any CPU
		{A0000006-0000-0000-0000-000000000006}.Debug|Any CPU.Build.0 = Debug|Any CPU
		{A0000006-0000-0000-0000-000000000006}.Debug|x64.ActiveCfg = Debug|Any CPU
		{A0000006-0000-0000-0000-000000000006}.Debug|x64.Build.0 = Debug|Any CPU
		{A0000006-0000-0000-0000-000000000006}.Debug|x86.ActiveCfg = Debug|Any CPU
		{A0000006-0000-0000-0000-000000000006}.Debug|x86.Build.0 = Debug|Any CPU
		{A0000006-0000-0000-0000-000000000006}.Release|Any CPU.ActiveCfg = Release|Any CPU
		{A0000006-0000-0000-0000-000000000006}.Release|Any CPU.Build.0 = Release|Any CPU
		{A0000006-0000-0000-0000-000000000006}.Release|x64.ActiveCfg = Release|Any CPU
		{A0000006-0000-0000-0000-000000000006}.Release|x64.Build.0 = Release|Any CPU
		{A0000006-0000-0000-0000-000000000006}.Release|x86.ActiveCfg = Release|Any CPU
		{A0000006-0000-0000-0000-000000000006}.Release|x86.Build.0 = Release|Any CPU
		{B0000001-0000-0000-0000-000000000001}.Debug|Any CPU.ActiveCfg = Debug|Any CPU
		{B0000001-0000-0000-0000-000000000001}.Debug|Any CPU.Build.0 = Debug|Any CPU
		{B0000001-0000-0000-0000-000000000001}.Debug|x64.ActiveCfg = Debug|Any CPU
		{B0000001-0000-0000-0000-000000000001}.Debug|x64.Build.0 = Debug|Any CPU
		{B0000001-0000-0000-0000-000000000001}.Debug|x86.ActiveCfg = Debug|Any CPU
		{B0000001-0000-0000-0000-000000000001}.Debug|x86.Build.0 = Debug|Any CPU
		{B0000001-0000-0000-0000-000000000001}.Release|Any CPU.ActiveCfg = Release|Any CPU
		{B0000001-0000-0000-0000-000000000001}.Release|Any CPU.Build.0 = Release|Any CPU
		{B0000001-0000-0000-0000-000000000001}.Release|x64.ActiveCfg = Release|Any CPU
		{B0000001-0000-0000-0000-000000000001}.Release|x64.Build.0 = Release|Any CPU
		{B0000001-0000-0000-0000-000000000001}.Release|x86.ActiveCfg = Release|Any CPU
		{B0000001-0000-0000-0000-000000000001}.Release|x86.Build.0 = Release|Any CPU
		{B0000002-0000-0000-0000-000000000002}.Debug|Any CPU.ActiveCfg = Debug|Any CPU
		{B0000002-0000-0000-0000-000000000002}.Debug|Any CPU.Build.0 = Debug|Any CPU
		{B0000002-0000-0000-0000-000000000002}.Debug|x64.ActiveCfg = Debug|Any CPU
		{B0000002-0000-0000-0000-000000000002}.Debug|x64.Build.0 = Debug|Any CPU
		{B0000002-0000-0000-0000-000000000002}.Debug|x86.ActiveCfg = Debug|Any CPU
		{B0000002-0000-0000-0000-000000000002}.Debug|x86.Build.0 = Debug|Any CPU
		{B0000002-0000-0000-0000-000000000002}.Release|Any CPU.ActiveCfg = Release|Any CPU
		{B0000002-0000-0000-0000-000000000002}.Release|Any CPU.Build.0 = Release|Any CPU
		{B0000002-0000-0000-0000-000000000002}.Release|x64.ActiveCfg = Release|Any CPU
		{B0000002-0000-0000-0000-000000000002}.Release|x64.Build.0 = Release|Any CPU
		{B0000002-0000-0000-0000-000000000002}.Release|x86.ActiveCfg = Release|Any CPU
		{B0000002-0000-0000-0000-000000000002}.Release|x86.Build.0 = Release|Any CPU
		{B0000003-0000-0000-0000-000000000003}.Debug|Any CPU.ActiveCfg = Debug|Any CPU
		{B0000003-0000-0000-0000-000000000003}.Debug|Any CPU.Build.0 = Debug|Any CPU
		{B0000003-0000-0000-0000-000000000003}.Debug|x64.ActiveCfg = Debug|Any CPU
		{B0000003-0000-0000-0000-000000000003}.Debug|x64.Build.0 = Debug|Any CPU
		{B0000003-0000-0000-0000-000000000003}.Debug|x86.ActiveCfg = Debug|Any CPU
		{B0000003-0000-0000-0000-000000000003}.Debug|x86.Build.0 = Debug|Any CPU
		{B0000003-0000-0000-0000-000000000003}.Release|Any CPU.ActiveCfg = Release|Any CPU
		{B0000003-0000-0000-0000-000000000003}.Release|Any CPU.Build.0 = Release|Any CPU
		{B0000003-0000-0000-0000-000000000003}.Release|x64.ActiveCfg = Release|Any CPU
		{B0000003-0000-0000-0000-000000000003}.Release|x64.Build.0 = Release|Any CPU
		{B0000003-0000-0000-0000-000000000003}.Release|x86.ActiveCfg = Release|Any CPU
		{B0000003-0000-0000-0000-000000000003}.Release|x86.Build.0 = Release|Any CPU
		{B0000004-0000-0000-0000-000000000004}.Debug|Any CPU.ActiveCfg = Debug|Any CPU
		{B0000004-0000-0000-0000-000000000004}.Debug|Any CPU.Build.0 = Debug|Any CPU
		{B0000004-0000-0000-0000-000000000004}.Debug|x64.ActiveCfg = Debug|Any CPU
		{B0000004-0000-0000-0000-000000000004}.Debug|x64.Build.0 = Debug|Any CPU
		{B0000004-0000-0000-0000-000000000004}.Debug|x86.ActiveCfg = Debug|Any CPU
		{B0000004-0000-0000-0000-000000000004}.Debug|x86.Build.0 = Debug|Any CPU
		{B0000004-0000-0000-0000-000000000004}.Release|Any CPU.ActiveCfg = Release|Any CPU
		{B0000004-0000-0000-0000-000000000004}.Release|Any CPU.Build.0 = Release|Any CPU
		{B0000004-0000-0000-0000-000000000004}.Release|x64.ActiveCfg = Release|Any CPU
		{B0000004-0000-0000-0000-000000000004}.Release|x64.Build.0 = Release|Any CPU
		{B0000004-0000-0000-0000-000000000004}.Release|x86.ActiveCfg = Release|Any CPU
		{B0000004-0000-0000-0000-000000000004}.Release|x86.Build.0 = Release|Any CPU
		{B0000005-0000-0000-0000-000000000005}.Debug|Any CPU.ActiveCfg = Debug|Any CPU
		{B0000005-0000-0000-0000-000000000005}.Debug|Any CPU.Build.0 = Debug|Any CPU
		{B0000005-0000-0000-0000-000000000005}.Debug|x64.ActiveCfg = Debug|Any CPU
		{B0000005-0000-0000-0000-000000000005}.Debug|x64.Build.0 = Debug|Any CPU
		{B0000005-0000-0000-0000-000000000005}.Debug|x86.ActiveCfg = Debug|Any CPU
		{B0000005-0000-0000-0000-000000000005}.Debug|x86.Build.0 = Debug|Any CPU
		{B0000005-0000-0000-0000-000000000005}.Release|Any CPU.ActiveCfg = Release|Any CPU
		{B0000005-0000-0000-0000-000000000005}.Release|Any CPU.Build.0 = Release|Any CPU
		{B0000005-0000-0000-0000-000000000005}.Release|x64.ActiveCfg = Release|Any CPU
		{B0000005-0000-0000-0000-000000000005}.Release|x64.Build.0 = Release|Any CPU
		{B0000005-0000-0000-0000-000000000005}.Release|x86.ActiveCfg = Release|Any CPU
		{B0000005-0000-0000-0000-000000000005}.Release|x86.Build.0 = Release|Any CPU
		{A0000008-0000-0000-0000-000000000008}.Debug|Any CPU.ActiveCfg = Debug|Any CPU
		{A0000008-0000-0000-0000-000000000008}.Debug|Any CPU.Build.0 = Debug|Any CPU
		{A0000008-0000-0000-0000-000000000008}.Debug|x64.ActiveCfg = Debug|Any CPU
		{A0000008-0000-0000-0000-000000000008}.Debug|x64.Build.0 = Debug|Any CPU
		{A0000008-0000-0000-0000-000000000008}.Debug|x86.ActiveCfg = Debug|Any CPU
		{A0000008-0000-0000-0000-000000000008}.Debug|x86.Build.0 = Debug|Any CPU
		{A0000008-0000-0000-0000-000000000008}.Release|Any CPU.ActiveCfg = Release|Any CPU
		{A0000008-0000-0000-0000-000000000008}.Release|Any CPU.Build.0 = Release|Any CPU
		{A0000008-0000-0000-0000-000000000008}.Release|x64.ActiveCfg = Release|Any CPU
		{A0000008-0000-0000-0000-000000000008}.Release|x64.Build.0 = Release|Any CPU
		{A0000008-0000-0000-0000-000000000008}.Release|x86.ActiveCfg = Release|Any CPU
		{A0000008-0000-0000-0000-000000000008}.Release|x86.Build.0 = Release|Any CPU
		{B0000008-0000-0000-0000-000000000008}.Debug|Any CPU.ActiveCfg = Debug|Any CPU
		{B0000008-0000-0000-0000-000000000008}.Debug|Any CPU.Build.0 = Debug|Any CPU
		{B0000008-0000-0000-0000-000000000008}.Debug|x64.ActiveCfg = Debug|Any CPU
		{B0000008-0000-0000-0000-000000000008}.Debug|x64.Build.0 = Debug|Any CPU
		{B0000008-0000-0000-0000-000000000008}.Debug|x86.ActiveCfg = Debug|Any CPU
		{B0000008-0000-0000-0000-000000000008}.Debug|x86.Build.0 = Debug|Any CPU
		{B0000008-0000-0000-0000-000000000008}.Release|Any CPU.ActiveCfg = Release|Any CPU
		{B0000008-0000-0000-0000-000000000008}.Release|Any CPU.Build.0 = Release|Any CPU
		{B0000008-0000-0000-0000-000000000008}.Release|x64.ActiveCfg = Release|Any CPU
		{B0000008-0000-0000-0000-000000000008}.Release|x64.Build.0 = Release|Any CPU
		{B0000008-0000-0000-0000-000000000008}.Release|x86.ActiveCfg = Release|Any CPU
		{B0000008-0000-0000-0000-000000000008}.Release|x86.Build.0 = Release|Any CPU
		{0879C00B-2424-4B3A-826F-168727E9FD69}.Debug|Any CPU.ActiveCfg = Debug|Any CPU
		{0879C00B-2424-4B3A-826F-168727E9FD69}.Debug|Any CPU.Build.0 = Debug|Any CPU
		{0879C00B-2424-4B3A-826F-168727E9FD69}.Debug|x64.ActiveCfg = Debug|Any CPU
		{0879C00B-2424-4B3A-826F-168727E9FD69}.Debug|x64.Build.0 = Debug|Any CPU
		{0879C00B-2424-4B3A-826F-168727E9FD69}.Debug|x86.ActiveCfg = Debug|Any CPU
		{0879C00B-2424-4B3A-826F-168727E9FD69}.Debug|x86.Build.0 = Debug|Any CPU
		{0879C00B-2424-4B3A-826F-168727E9FD69}.Release|Any CPU.ActiveCfg = Release|Any CPU
		{0879C00B-2424-4B3A-826F-168727E9FD69}.Release|Any CPU.Build.0 = Release|Any CPU
		{0879C00B-2424-4B3A-826F-168727E9FD69}.Release|x64.ActiveCfg = Release|Any CPU
		{0879C00B-2424-4B3A-826F-168727E9FD69}.Release|x64.Build.0 = Release|Any CPU
		{0879C00B-2424-4B3A-826F-168727E9FD69}.Release|x86.ActiveCfg = Release|Any CPU
		{0879C00B-2424-4B3A-826F-168727E9FD69}.Release|x86.Build.0 = Release|Any CPU
		{BC3B8D4C-1E80-4751-8B09-A774519D613C}.Debug|Any CPU.ActiveCfg = Debug|Any CPU
		{BC3B8D4C-1E80-4751-8B09-A774519D613C}.Debug|Any CPU.Build.0 = Debug|Any CPU
		{BC3B8D4C-1E80-4751-8B09-A774519D613C}.Debug|x64.ActiveCfg = Debug|Any CPU
		{BC3B8D4C-1E80-4751-8B09-A774519D613C}.Debug|x64.Build.0 = Debug|Any CPU
		{BC3B8D4C-1E80-4751-8B09-A774519D613C}.Debug|x86.ActiveCfg = Debug|Any CPU
		{BC3B8D4C-1E80-4751-8B09-A774519D613C}.Debug|x86.Build.0 = Debug|Any CPU
		{BC3B8D4C-1E80-4751-8B09-A774519D613C}.Release|Any CPU.ActiveCfg = Release|Any CPU
		{BC3B8D4C-1E80-4751-8B09-A774519D613C}.Release|Any CPU.Build.0 = Release|Any CPU
		{BC3B8D4C-1E80-4751-8B09-A774519D613C}.Release|x64.ActiveCfg = Release|Any CPU
		{BC3B8D4C-1E80-4751-8B09-A774519D613C}.Release|x64.Build.0 = Release|Any CPU
		{BC3B8D4C-1E80-4751-8B09-A774519D613C}.Release|x86.ActiveCfg = Release|Any CPU
		{BC3B8D4C-1E80-4751-8B09-A774519D613C}.Release|x86.Build.0 = Release|Any CPU
		{2683EE34-E6CF-405A-967F-02850B4E66B3}.Debug|Any CPU.ActiveCfg = Debug|Any CPU
		{2683EE34-E6CF-405A-967F-02850B4E66B3}.Debug|Any CPU.Build.0 = Debug|Any CPU
		{2683EE34-E6CF-405A-967F-02850B4E66B3}.Debug|x64.ActiveCfg = Debug|Any CPU
		{2683EE34-E6CF-405A-967F-02850B4E66B3}.Debug|x64.Build.0 = Debug|Any CPU
		{2683EE34-E6CF-405A-967F-02850B4E66B3}.Debug|x86.ActiveCfg = Debug|Any CPU
		{2683EE34-E6CF-405A-967F-02850B4E66B3}.Debug|x86.Build.0 = Debug|Any CPU
		{2683EE34-E6CF-405A-967F-02850B4E66B3}.Release|Any CPU.ActiveCfg = Release|Any CPU
		{2683EE34-E6CF-405A-967F-02850B4E66B3}.Release|Any CPU.Build.0 = Release|Any CPU
		{2683EE34-E6CF-405A-967F-02850B4E66B3}.Release|x64.ActiveCfg = Release|Any CPU
		{2683EE34-E6CF-405A-967F-02850B4E66B3}.Release|x64.Build.0 = Release|Any CPU
		{2683EE34-E6CF-405A-967F-02850B4E66B3}.Release|x86.ActiveCfg = Release|Any CPU
		{2683EE34-E6CF-405A-967F-02850B4E66B3}.Release|x86.Build.0 = Release|Any CPU
		{72696606-F8B7-4D39-AC00-8206D2484194}.Debug|Any CPU.ActiveCfg = Debug|Any CPU
		{72696606-F8B7-4D39-AC00-8206D2484194}.Debug|Any CPU.Build.0 = Debug|Any CPU
		{72696606-F8B7-4D39-AC00-8206D2484194}.Debug|x64.ActiveCfg = Debug|Any CPU
		{72696606-F8B7-4D39-AC00-8206D2484194}.Debug|x64.Build.0 = Debug|Any CPU
		{72696606-F8B7-4D39-AC00-8206D2484194}.Debug|x86.ActiveCfg = Debug|Any CPU
		{72696606-F8B7-4D39-AC00-8206D2484194}.Debug|x86.Build.0 = Debug|Any CPU
		{72696606-F8B7-4D39-AC00-8206D2484194}.Release|Any CPU.ActiveCfg = Release|Any CPU
		{72696606-F8B7-4D39-AC00-8206D2484194}.Release|Any CPU.Build.0 = Release|Any CPU
		{72696606-F8B7-4D39-AC00-8206D2484194}.Release|x64.ActiveCfg = Release|Any CPU
		{72696606-F8B7-4D39-AC00-8206D2484194}.Release|x64.Build.0 = Release|Any CPU
		{72696606-F8B7-4D39-AC00-8206D2484194}.Release|x86.ActiveCfg = Release|Any CPU
		{72696606-F8B7-4D39-AC00-8206D2484194}.Release|x86.Build.0 = Release|Any CPU
		{B4CA6F2F-7A47-4340-9370-3B586F0CAEE6}.Debug|Any CPU.ActiveCfg = Debug|Any CPU
		{B4CA6F2F-7A47-4340-9370-3B586F0CAEE6}.Debug|Any CPU.Build.0 = Debug|Any CPU
		{B4CA6F2F-7A47-4340-9370-3B586F0CAEE6}.Debug|x64.ActiveCfg = Debug|Any CPU
		{B4CA6F2F-7A47-4340-9370-3B586F0CAEE6}.Debug|x64.Build.0 = Debug|Any CPU
		{B4CA6F2F-7A47-4340-9370-3B586F0CAEE6}.Debug|x86.ActiveCfg = Debug|Any CPU
		{B4CA6F2F-7A47-4340-9370-3B586F0CAEE6}.Debug|x86.Build.0 = Debug|Any CPU
		{B4CA6F2F-7A47-4340-9370-3B586F0CAEE6}.Release|Any CPU.ActiveCfg = Release|Any CPU
		{B4CA6F2F-7A47-4340-9370-3B586F0CAEE6}.Release|Any CPU.Build.0 = Release|Any CPU
		{B4CA6F2F-7A47-4340-9370-3B586F0CAEE6}.Release|x64.ActiveCfg = Release|Any CPU
		{B4CA6F2F-7A47-4340-9370-3B586F0CAEE6}.Release|x64.Build.0 = Release|Any CPU
		{B4CA6F2F-7A47-4340-9370-3B586F0CAEE6}.Release|x86.ActiveCfg = Release|Any CPU
		{B4CA6F2F-7A47-4340-9370-3B586F0CAEE6}.Release|x86.Build.0 = Release|Any CPU
		{6A076EE4-FC0B-4295-9218-9A911028121F}.Debug|Any CPU.ActiveCfg = Debug|Any CPU
		{6A076EE4-FC0B-4295-9218-9A911028121F}.Debug|Any CPU.Build.0 = Debug|Any CPU
		{6A076EE4-FC0B-4295-9218-9A911028121F}.Debug|x64.ActiveCfg = Debug|Any CPU
		{6A076EE4-FC0B-4295-9218-9A911028121F}.Debug|x64.Build.0 = Debug|Any CPU
		{6A076EE4-FC0B-4295-9218-9A911028121F}.Debug|x86.ActiveCfg = Debug|Any CPU
		{6A076EE4-FC0B-4295-9218-9A911028121F}.Debug|x86.Build.0 = Debug|Any CPU
		{6A076EE4-FC0B-4295-9218-9A911028121F}.Release|Any CPU.ActiveCfg = Release|Any CPU
		{6A076EE4-FC0B-4295-9218-9A911028121F}.Release|Any CPU.Build.0 = Release|Any CPU
		{6A076EE4-FC0B-4295-9218-9A911028121F}.Release|x64.ActiveCfg = Release|Any CPU
		{6A076EE4-FC0B-4295-9218-9A911028121F}.Release|x64.Build.0 = Release|Any CPU
		{6A076EE4-FC0B-4295-9218-9A911028121F}.Release|x86.ActiveCfg = Release|Any CPU
		{6A076EE4-FC0B-4295-9218-9A911028121F}.Release|x86.Build.0 = Release|Any CPU
		{FC1F6199-FC14-4C61-A98A-76DEA26C8707}.Debug|Any CPU.ActiveCfg = Debug|Any CPU
		{FC1F6199-FC14-4C61-A98A-76DEA26C8707}.Debug|Any CPU.Build.0 = Debug|Any CPU
		{FC1F6199-FC14-4C61-A98A-76DEA26C8707}.Debug|x64.ActiveCfg = Debug|Any CPU
		{FC1F6199-FC14-4C61-A98A-76DEA26C8707}.Debug|x64.Build.0 = Debug|Any CPU
		{FC1F6199-FC14-4C61-A98A-76DEA26C8707}.Debug|x86.ActiveCfg = Debug|Any CPU
		{FC1F6199-FC14-4C61-A98A-76DEA26C8707}.Debug|x86.Build.0 = Debug|Any CPU
		{FC1F6199-FC14-4C61-A98A-76DEA26C8707}.Release|Any CPU.ActiveCfg = Release|Any CPU
		{FC1F6199-FC14-4C61-A98A-76DEA26C8707}.Release|Any CPU.Build.0 = Release|Any CPU
		{FC1F6199-FC14-4C61-A98A-76DEA26C8707}.Release|x64.ActiveCfg = Release|Any CPU
		{FC1F6199-FC14-4C61-A98A-76DEA26C8707}.Release|x64.Build.0 = Release|Any CPU
		{FC1F6199-FC14-4C61-A98A-76DEA26C8707}.Release|x86.ActiveCfg = Release|Any CPU
		{FC1F6199-FC14-4C61-A98A-76DEA26C8707}.Release|x86.Build.0 = Release|Any CPU
		{9C382C4F-188D-4B12-A20C-592793E98E2D}.Debug|Any CPU.ActiveCfg = Debug|Any CPU
		{9C382C4F-188D-4B12-A20C-592793E98E2D}.Debug|Any CPU.Build.0 = Debug|Any CPU
		{9C382C4F-188D-4B12-A20C-592793E98E2D}.Debug|x64.ActiveCfg = Debug|Any CPU
		{9C382C4F-188D-4B12-A20C-592793E98E2D}.Debug|x64.Build.0 = Debug|Any CPU
		{9C382C4F-188D-4B12-A20C-592793E98E2D}.Debug|x86.ActiveCfg = Debug|Any CPU
		{9C382C4F-188D-4B12-A20C-592793E98E2D}.Debug|x86.Build.0 = Debug|Any CPU
		{9C382C4F-188D-4B12-A20C-592793E98E2D}.Release|Any CPU.ActiveCfg = Release|Any CPU
		{9C382C4F-188D-4B12-A20C-592793E98E2D}.Release|Any CPU.Build.0 = Release|Any CPU
		{9C382C4F-188D-4B12-A20C-592793E98E2D}.Release|x64.ActiveCfg = Release|Any CPU
		{9C382C4F-188D-4B12-A20C-592793E98E2D}.Release|x64.Build.0 = Release|Any CPU
		{9C382C4F-188D-4B12-A20C-592793E98E2D}.Release|x86.ActiveCfg = Release|Any CPU
		{9C382C4F-188D-4B12-A20C-592793E98E2D}.Release|x86.Build.0 = Release|Any CPU
		{B2291083-052D-4E40-977E-CB0AC11AA1C7}.Debug|Any CPU.ActiveCfg = Debug|Any CPU
		{B2291083-052D-4E40-977E-CB0AC11AA1C7}.Debug|Any CPU.Build.0 = Debug|Any CPU
		{B2291083-052D-4E40-977E-CB0AC11AA1C7}.Debug|x64.ActiveCfg = Debug|Any CPU
		{B2291083-052D-4E40-977E-CB0AC11AA1C7}.Debug|x64.Build.0 = Debug|Any CPU
		{B2291083-052D-4E40-977E-CB0AC11AA1C7}.Debug|x86.ActiveCfg = Debug|Any CPU
		{B2291083-052D-4E40-977E-CB0AC11AA1C7}.Debug|x86.Build.0 = Debug|Any CPU
		{B2291083-052D-4E40-977E-CB0AC11AA1C7}.Release|Any CPU.ActiveCfg = Release|Any CPU
		{B2291083-052D-4E40-977E-CB0AC11AA1C7}.Release|Any CPU.Build.0 = Release|Any CPU
		{B2291083-052D-4E40-977E-CB0AC11AA1C7}.Release|x64.ActiveCfg = Release|Any CPU
		{B2291083-052D-4E40-977E-CB0AC11AA1C7}.Release|x64.Build.0 = Release|Any CPU
		{B2291083-052D-4E40-977E-CB0AC11AA1C7}.Release|x86.ActiveCfg = Release|Any CPU
		{B2291083-052D-4E40-977E-CB0AC11AA1C7}.Release|x86.Build.0 = Release|Any CPU
		{5A120D90-1749-4EF7-B71A-AA820B560A8A}.Debug|Any CPU.ActiveCfg = Debug|Any CPU
		{5A120D90-1749-4EF7-B71A-AA820B560A8A}.Debug|Any CPU.Build.0 = Debug|Any CPU
		{5A120D90-1749-4EF7-B71A-AA820B560A8A}.Debug|x64.ActiveCfg = Debug|Any CPU
		{5A120D90-1749-4EF7-B71A-AA820B560A8A}.Debug|x64.Build.0 = Debug|Any CPU
		{5A120D90-1749-4EF7-B71A-AA820B560A8A}.Debug|x86.ActiveCfg = Debug|Any CPU
		{5A120D90-1749-4EF7-B71A-AA820B560A8A}.Debug|x86.Build.0 = Debug|Any CPU
		{5A120D90-1749-4EF7-B71A-AA820B560A8A}.Release|Any CPU.ActiveCfg = Release|Any CPU
		{5A120D90-1749-4EF7-B71A-AA820B560A8A}.Release|Any CPU.Build.0 = Release|Any CPU
		{5A120D90-1749-4EF7-B71A-AA820B560A8A}.Release|x64.ActiveCfg = Release|Any CPU
		{5A120D90-1749-4EF7-B71A-AA820B560A8A}.Release|x64.Build.0 = Release|Any CPU
		{5A120D90-1749-4EF7-B71A-AA820B560A8A}.Release|x86.ActiveCfg = Release|Any CPU
		{5A120D90-1749-4EF7-B71A-AA820B560A8A}.Release|x86.Build.0 = Release|Any CPU
		{640CFCED-FC7E-4D44-BD7B-DB989985B8C6}.Debug|Any CPU.ActiveCfg = Debug|Any CPU
		{640CFCED-FC7E-4D44-BD7B-DB989985B8C6}.Debug|Any CPU.Build.0 = Debug|Any CPU
		{640CFCED-FC7E-4D44-BD7B-DB989985B8C6}.Debug|x64.ActiveCfg = Debug|Any CPU
		{640CFCED-FC7E-4D44-BD7B-DB989985B8C6}.Debug|x64.Build.0 = Debug|Any CPU
		{640CFCED-FC7E-4D44-BD7B-DB989985B8C6}.Debug|x86.ActiveCfg = Debug|Any CPU
		{640CFCED-FC7E-4D44-BD7B-DB989985B8C6}.Debug|x86.Build.0 = Debug|Any CPU
		{640CFCED-FC7E-4D44-BD7B-DB989985B8C6}.Release|Any CPU.ActiveCfg = Release|Any CPU
		{640CFCED-FC7E-4D44-BD7B-DB989985B8C6}.Release|Any CPU.Build.0 = Release|Any CPU
		{640CFCED-FC7E-4D44-BD7B-DB989985B8C6}.Release|x64.ActiveCfg = Release|Any CPU
		{640CFCED-FC7E-4D44-BD7B-DB989985B8C6}.Release|x64.Build.0 = Release|Any CPU
		{640CFCED-FC7E-4D44-BD7B-DB989985B8C6}.Release|x86.ActiveCfg = Release|Any CPU
		{640CFCED-FC7E-4D44-BD7B-DB989985B8C6}.Release|x86.Build.0 = Release|Any CPU
		{32D3969A-728C-4CC1-92B9-9D2B1C160A83}.Debug|Any CPU.ActiveCfg = Debug|Any CPU
		{32D3969A-728C-4CC1-92B9-9D2B1C160A83}.Debug|Any CPU.Build.0 = Debug|Any CPU
		{32D3969A-728C-4CC1-92B9-9D2B1C160A83}.Debug|x64.ActiveCfg = Debug|Any CPU
		{32D3969A-728C-4CC1-92B9-9D2B1C160A83}.Debug|x64.Build.0 = Debug|Any CPU
		{32D3969A-728C-4CC1-92B9-9D2B1C160A83}.Debug|x86.ActiveCfg = Debug|Any CPU
		{32D3969A-728C-4CC1-92B9-9D2B1C160A83}.Debug|x86.Build.0 = Debug|Any CPU
		{32D3969A-728C-4CC1-92B9-9D2B1C160A83}.Release|Any CPU.ActiveCfg = Release|Any CPU
		{32D3969A-728C-4CC1-92B9-9D2B1C160A83}.Release|Any CPU.Build.0 = Release|Any CPU
		{32D3969A-728C-4CC1-92B9-9D2B1C160A83}.Release|x64.ActiveCfg = Release|Any CPU
		{32D3969A-728C-4CC1-92B9-9D2B1C160A83}.Release|x64.Build.0 = Release|Any CPU
		{32D3969A-728C-4CC1-92B9-9D2B1C160A83}.Release|x86.ActiveCfg = Release|Any CPU
		{32D3969A-728C-4CC1-92B9-9D2B1C160A83}.Release|x86.Build.0 = Release|Any CPU
		{E18DF691-456B-4DA9-934E-D4301FBC37B5}.Debug|Any CPU.ActiveCfg = Debug|Any CPU
		{E18DF691-456B-4DA9-934E-D4301FBC37B5}.Debug|Any CPU.Build.0 = Debug|Any CPU
		{E18DF691-456B-4DA9-934E-D4301FBC37B5}.Debug|x64.ActiveCfg = Debug|Any CPU
		{E18DF691-456B-4DA9-934E-D4301FBC37B5}.Debug|x64.Build.0 = Debug|Any CPU
		{E18DF691-456B-4DA9-934E-D4301FBC37B5}.Debug|x86.ActiveCfg = Debug|Any CPU
		{E18DF691-456B-4DA9-934E-D4301FBC37B5}.Debug|x86.Build.0 = Debug|Any CPU
		{E18DF691-456B-4DA9-934E-D4301FBC37B5}.Release|Any CPU.ActiveCfg = Release|Any CPU
		{E18DF691-456B-4DA9-934E-D4301FBC37B5}.Release|Any CPU.Build.0 = Release|Any CPU
		{E18DF691-456B-4DA9-934E-D4301FBC37B5}.Release|x64.ActiveCfg = Release|Any CPU
		{E18DF691-456B-4DA9-934E-D4301FBC37B5}.Release|x64.Build.0 = Release|Any CPU
		{E18DF691-456B-4DA9-934E-D4301FBC37B5}.Release|x86.ActiveCfg = Release|Any CPU
		{E18DF691-456B-4DA9-934E-D4301FBC37B5}.Release|x86.Build.0 = Release|Any CPU
		{F0D9159E-3E92-45E0-9641-C9B05CC64CC5}.Debug|Any CPU.ActiveCfg = Debug|Any CPU
		{F0D9159E-3E92-45E0-9641-C9B05CC64CC5}.Debug|Any CPU.Build.0 = Debug|Any CPU
		{F0D9159E-3E92-45E0-9641-C9B05CC64CC5}.Debug|x64.ActiveCfg = Debug|Any CPU
		{F0D9159E-3E92-45E0-9641-C9B05CC64CC5}.Debug|x64.Build.0 = Debug|Any CPU
		{F0D9159E-3E92-45E0-9641-C9B05CC64CC5}.Debug|x86.ActiveCfg = Debug|Any CPU
		{F0D9159E-3E92-45E0-9641-C9B05CC64CC5}.Debug|x86.Build.0 = Debug|Any CPU
		{F0D9159E-3E92-45E0-9641-C9B05CC64CC5}.Release|Any CPU.ActiveCfg = Release|Any CPU
		{F0D9159E-3E92-45E0-9641-C9B05CC64CC5}.Release|Any CPU.Build.0 = Release|Any CPU
		{F0D9159E-3E92-45E0-9641-C9B05CC64CC5}.Release|x64.ActiveCfg = Release|Any CPU
		{F0D9159E-3E92-45E0-9641-C9B05CC64CC5}.Release|x64.Build.0 = Release|Any CPU
		{F0D9159E-3E92-45E0-9641-C9B05CC64CC5}.Release|x86.ActiveCfg = Release|Any CPU
		{F0D9159E-3E92-45E0-9641-C9B05CC64CC5}.Release|x86.Build.0 = Release|Any CPU
		{3EB8417F-639C-446C-9D6C-EDADF1C07319}.Debug|Any CPU.ActiveCfg = Debug|Any CPU
		{3EB8417F-639C-446C-9D6C-EDADF1C07319}.Debug|Any CPU.Build.0 = Debug|Any CPU
		{3EB8417F-639C-446C-9D6C-EDADF1C07319}.Debug|x64.ActiveCfg = Debug|Any CPU
		{3EB8417F-639C-446C-9D6C-EDADF1C07319}.Debug|x64.Build.0 = Debug|Any CPU
		{3EB8417F-639C-446C-9D6C-EDADF1C07319}.Debug|x86.ActiveCfg = Debug|Any CPU
		{3EB8417F-639C-446C-9D6C-EDADF1C07319}.Debug|x86.Build.0 = Debug|Any CPU
		{3EB8417F-639C-446C-9D6C-EDADF1C07319}.Release|Any CPU.ActiveCfg = Release|Any CPU
		{3EB8417F-639C-446C-9D6C-EDADF1C07319}.Release|Any CPU.Build.0 = Release|Any CPU
		{3EB8417F-639C-446C-9D6C-EDADF1C07319}.Release|x64.ActiveCfg = Release|Any CPU
		{3EB8417F-639C-446C-9D6C-EDADF1C07319}.Release|x64.Build.0 = Release|Any CPU
		{3EB8417F-639C-446C-9D6C-EDADF1C07319}.Release|x86.ActiveCfg = Release|Any CPU
		{3EB8417F-639C-446C-9D6C-EDADF1C07319}.Release|x86.Build.0 = Release|Any CPU
	EndGlobalSection
	GlobalSection(SolutionProperties) = preSolution
		HideSolutionNode = FALSE
	EndGlobalSection
	GlobalSection(NestedProjects) = preSolution
		{B0000001-0000-0000-0000-000000000001} = {B0000000-0000-0000-0000-0000000000FF}
		{B0000002-0000-0000-0000-000000000002} = {B0000000-0000-0000-0000-0000000000FF}
		{B0000003-0000-0000-0000-000000000003} = {B0000000-0000-0000-0000-0000000000FF}
		{B0000004-0000-0000-0000-000000000004} = {B0000000-0000-0000-0000-0000000000FF}
		{B0000005-0000-0000-0000-000000000005} = {B0000000-0000-0000-0000-0000000000FF}
		{A0000008-0000-0000-0000-000000000008} = {C0000000-0000-0000-0000-0000000000FF}
		{B0000008-0000-0000-0000-000000000008} = {B0000000-0000-0000-0000-0000000000FF}
		{2683EE34-E6CF-405A-967F-02850B4E66B3} = {827E0CD3-B72D-47B6-A68D-7590B98EB39B}
		{72696606-F8B7-4D39-AC00-8206D2484194} = {827E0CD3-B72D-47B6-A68D-7590B98EB39B}
		{B4CA6F2F-7A47-4340-9370-3B586F0CAEE6} = {827E0CD3-B72D-47B6-A68D-7590B98EB39B}
		{6A076EE4-FC0B-4295-9218-9A911028121F} = {B0000000-0000-0000-0000-0000000000FF}
		{FC1F6199-FC14-4C61-A98A-76DEA26C8707} = {B0000000-0000-0000-0000-0000000000FF}
		{9C382C4F-188D-4B12-A20C-592793E98E2D} = {B0000000-0000-0000-0000-0000000000FF}
		{B2291083-052D-4E40-977E-CB0AC11AA1C7} = {827E0CD3-B72D-47B6-A68D-7590B98EB39B}
		{5A120D90-1749-4EF7-B71A-AA820B560A8A} = {827E0CD3-B72D-47B6-A68D-7590B98EB39B}
		{640CFCED-FC7E-4D44-BD7B-DB989985B8C6} = {827E0CD3-B72D-47B6-A68D-7590B98EB39B}
		{32D3969A-728C-4CC1-92B9-9D2B1C160A83} = {827E0CD3-B72D-47B6-A68D-7590B98EB39B}
		{E18DF691-456B-4DA9-934E-D4301FBC37B5} = {827E0CD3-B72D-47B6-A68D-7590B98EB39B}
		{F0D9159E-3E92-45E0-9641-C9B05CC64CC5} = {827E0CD3-B72D-47B6-A68D-7590B98EB39B}
		{3EB8417F-639C-446C-9D6C-EDADF1C07319} = {B0000000-0000-0000-0000-0000000000FF}
	EndGlobalSection
EndGlobal
